{
  "name": "greeting",
  "version": "1.0.0",
  "lockfileVersion": 1,
  "requires": true,
  "dependencies": {
    "greet-creativec": {
      "version": "1.0.1",
      "resolved": "https://registry.npmjs.org/greet-creativec/-/greet-creativec-1.0.1.tgz",
      "integrity": "sha512-OBhFuo9eJHCkAlZb1abba1tzvP4f8qCAGxqYr79wnYcUQHldVEsTWrVTJZW6lvLhfLxXk3n9gZcpUlv7gthyIg=="
    }
  }
}
